Microsoft Visual Studio Solution File, Format Version 12.00
# Visual Studio Version 17
VisualStudioVersion = 17.0.31314.256
MinimumVisualStudioVersion = 10.0.40219.1
Project("{2150E333-8FDC-42A3-9474-1A3956D46DE8}") = "Engine", "Engine", "{233774A8-CC9D-3FA9-86D1-90573E92B704}"
EndProject
Project("{2150E333-8FDC-42A3-9474-1A3956D46DE8}") = "Games", "Games", "{DE1F8B53-6C02-3C13-9101-A7C8D96F3FF6}"
EndProject
Project("{8BC9CEB8-8B4A-11D0-8D11-00A0C91BC942}") = "UE5", "Intermediate\ProjectFiles\UE5.vcxproj", "{512565E5-3965-31C4-BD71-14A86086541C}"
EndProject
Project("{8BC9CEB8-8B4A-11D0-8D11-00A0C91BC942}") = "BatsToiSupreme_Real", "Intermediate\ProjectFiles\BatsToiSupreme_Real.vcxproj", "{32684D7D-A5A0-39A4-B75B-3C91F5F1F3F7}"
EndProject
Project("{2150E333-8FDC-42A3-9474-1A3956D46DE8}") = "Visualizers", "Visualizers", "{1CCEC849-CC72-4C59-8C36-2F7C38706D4C}"
	ProjectSection(SolutionItems) = preProject
		..\..\programs\epic\EpicUE\UE_5.2\Engine\Extras\VisualStudioDebugging\Unreal.natvis = ..\..\programs\epic\EpicUE\UE_5.2\Engine\Extras\VisualStudioDebugging\Unreal.natvis
	EndProjectSection
EndProject
Global
	GlobalSection(SolutionConfigurationPlatforms) = preSolution
		DebugGame Editor|Win64 = DebugGame Editor|Win64
		DebugGame|Win64 = DebugGame|Win64
		Development Editor|Win64 = Development Editor|Win64
		Development|Win64 = Development|Win64
		Shipping|Win64 = Shipping|Win64
	EndGlobalSection
	GlobalSection(ProjectConfigurationPlatforms) = postSolution
		{512565E5-3965-31C4-BD71-14A86086541C}.DebugGame Editor|Win64.ActiveCfg = BuiltWithUnrealBuildTool|Win64
		{512565E5-3965-31C4-BD71-14A86086541C}.DebugGame|Win64.ActiveCfg = BuiltWithUnrealBuildTool|Win64
		{512565E5-3965-31C4-BD71-14A86086541C}.Development Editor|Win64.ActiveCfg = BuiltWithUnrealBuildTool|Win64
		{512565E5-3965-31C4-BD71-14A86086541C}.Development|Win64.ActiveCfg = BuiltWithUnrealBuildTool|Win64
		{512565E5-3965-31C4-BD71-14A86086541C}.Shipping|Win64.ActiveCfg = BuiltWithUnrealBuildTool|Win64
		{32684D7D-A5A0-39A4-B75B-3C91F5F1F3F7}.DebugGame Editor|Win64.ActiveCfg = DebugGame_Editor|x64
		{32684D7D-A5A0-39A4-B75B-3C91F5F1F3F7}.DebugGame Editor|Win64.Build.0 = DebugGame_Editor|x64
		{32684D7D-A5A0-39A4-B75B-3C91F5F1F3F7}.DebugGame|Win64.ActiveCfg = DebugGame|x64
		{32684D7D-A5A0-39A4-B75B-3C91F5F1F3F7}.DebugGame|Win64.Build.0 = DebugGame|x64
		{32684D7D-A5A0-39A4-B75B-3C91F5F1F3F7}.Development Editor|Win64.ActiveCfg = Development_Editor|x64
		{32684D7D-A5A0-39A4-B75B-3C91F5F1F3F7}.Development Editor|Win64.Build.0 = Development_Editor|x64
		{32684D7D-A5A0-39A4-B75B-3C91F5F1F3F7}.Development|Win64.ActiveCfg = Development|x64
		{32684D7D-A5A0-39A4-B75B-3C91F5F1F3F7}.Development|Win64.Build.0 = Development|x64
		{32684D7D-A5A0-39A4-B75B-3C91F5F1F3F7}.Shipping|Win64.ActiveCfg = Shipping|x64
		{32684D7D-A5A0-39A4-B75B-3C91F5F1F3F7}.Shipping|Win64.Build.0 = Shipping|x64
	EndGlobalSection
	GlobalSection(SolutionProperties) = preSolution
		HideSolutionNode = FALSE
	EndGlobalSection
	GlobalSection(NestedProjects) = preSolution
		{512565E5-3965-31C4-BD71-14A86086541C} = {233774A8-CC9D-3FA9-86D1-90573E92B704}
		{32684D7D-A5A0-39A4-B75B-3C91F5F1F3F7} = {DE1F8B53-6C02-3C13-9101-A7C8D96F3FF6}
	EndGlobalSection
EndGlobal
